
Microsoft Visual Studio Solution File, Format Version 12.00
# Visual Studio Version 17
VisualStudioVersion = 17.0.31903.59
MinimumVisualStudioVersion = 10.0.40219.1
Project("{2150E333-8FDC-42A3-9474-1A3956D46DE8}") = "src", "src", "{827E0CD3-B72D-47B6-A68D-7590B98EB39B}"
EndProject
Project("{FAE04EC0-301F-11D3-BF4B-00C04F79EFBC}") = "Messaging.Core", "src\Messaging.Core\Messaging.Core.csproj", "{195C5343-50DB-4AC6-8A3F-EE78E2CFE4BC}"
EndProject
Project("{FAE04EC0-301F-11D3-BF4B-00C04F79EFBC}") = "WorkerHost.Core", "src\WorkerHost.Core\WorkerHost.Core.csproj", "{AFDF5D3D-0344-4C9B-AEB0-6D080382826F}"
EndProject
Project("{FAE04EC0-301F-11D3-BF4B-00C04F79EFBC}") = "WorkerHost.Windows", "src\WorkerHost.Windows\WorkerHost.Windows.csproj", "{0CE182D0-BB5F-4A3A-B9F3-7422607A931B}"
EndProject
Project("{2150E333-8FDC-42A3-9474-1A3956D46DE8}") = "samples", "samples", "{5D20AA90-6969-D8BD-9DCD-8634F4692FDA}"
EndProject
Project("{FAE04EC0-301F-11D3-BF4B-00C04F79EFBC}") = "SampleWorker.Queue", "samples\SampleWorker.Queue\SampleWorker.Queue.csproj", "{29263961-1F7D-44ED-8A8E-C967723DEBA4}"
EndProject
Project("{FAE04EC0-301F-11D3-BF4B-00C04F79EFBC}") = "SampleWorker.Topic", "samples\SampleWorker.Topic\SampleWorker.Topic.csproj", "{CD2CC035-4BF4-4FD9-9F33-7BE83821F330}"
EndProject
Project("{FAE04EC0-301F-11D3-BF4B-00C04F79EFBC}") = "SamplePublisher.Api", "samples\SamplePublisher.Api\SamplePublisher.Api.csproj", "{213DCBDA-BE41-4F9E-8FA8-AC03FE8777F6}"
EndProject
Project("{2150E333-8FDC-42A3-9474-1A3956D46DE8}") = "tests", "tests", "{0AB3BF05-4346-4AA6-1389-037BE0695223}"
EndProject
Project("{FAE04EC0-301F-11D3-BF4B-00C04F79EFBC}") = "Messaging.Core.Tests", "tests\Messaging.Core.Tests\Messaging.Core.Tests.csproj", "{B3585AEC-94BE-47D4-B658-FB33264695BF}"
EndProject
Project("{FAE04EC0-301F-11D3-BF4B-00C04F79EFBC}") = "Messaging.Integration.Tests", "tests\Messaging.Integration.Tests\Messaging.Integration.Tests.csproj", "{0389E57B-63B2-4C1A-BFCB-8671EBB5CC40}"
EndProject
Global
	GlobalSection(SolutionConfigurationPlatforms) = preSolution
		Debug|Any CPU = Debug|Any CPU
		Debug|x64 = Debug|x64
		Debug|x86 = Debug|x86
		Release|Any CPU = Release|Any CPU
		Release|x64 = Release|x64
		Release|x86 = Release|x86
	EndGlobalSection
	GlobalSection(ProjectConfigurationPlatforms) = postSolution
		{195C5343-50DB-4AC6-8A3F-EE78E2CFE4BC}.Debug|Any CPU.ActiveCfg = Debug|Any CPU
		{195C5343-50DB-4AC6-8A3F-EE78E2CFE4BC}.Debug|Any CPU.Build.0 = Debug|Any CPU
		{195C5343-50DB-4AC6-8A3F-EE78E2CFE4BC}.Debug|x64.ActiveCfg = Debug|Any CPU
		{195C5343-50DB-4AC6-8A3F-EE78E2CFE4BC}.Debug|x64.Build.0 = Debug|Any CPU
		{195C5343-50DB-4AC6-8A3F-EE78E2CFE4BC}.Debug|x86.ActiveCfg = Debug|Any CPU
		{195C5343-50DB-4AC6-8A3F-EE78E2CFE4BC}.Debug|x86.Build.0 = Debug|Any CPU
		{195C5343-50DB-4AC6-8A3F-EE78E2CFE4BC}.Release|Any CPU.ActiveCfg = Release|Any CPU
		{195C5343-50DB-4AC6-8A3F-EE78E2CFE4BC}.Release|Any CPU.Build.0 = Release|Any CPU
		{195C5343-50DB-4AC6-8A3F-EE78E2CFE4BC}.Release|x64.ActiveCfg = Release|Any CPU
		{195C5343-50DB-4AC6-8A3F-EE78E2CFE4BC}.Release|x64.Build.0 = Release|Any CPU
		{195C5343-50DB-4AC6-8A3F-EE78E2CFE4BC}.Release|x86.ActiveCfg = Release|Any CPU
		{195C5343-50DB-4AC6-8A3F-EE78E2CFE4BC}.Release|x86.Build.0 = Release|Any CPU
		{AFDF5D3D-0344-4C9B-AEB0-6D080382826F}.Debug|Any CPU.ActiveCfg = Debug|Any CPU
		{AFDF5D3D-0344-4C9B-AEB0-6D080382826F}.Debug|Any CPU.Build.0 = Debug|Any CPU
		{AFDF5D3D-0344-4C9B-AEB0-6D080382826F}.Debug|x64.ActiveCfg = Debug|Any CPU
		{AFDF5D3D-0344-4C9B-AEB0-6D080382826F}.Debug|x64.Build.0 = Debug|Any CPU
		{AFDF5D3D-0344-4C9B-AEB0-6D080382826F}.Debug|x86.ActiveCfg = Debug|Any CPU
		{AFDF5D3D-0344-4C9B-AEB0-6D080382826F}.Debug|x86.Build.0 = Debug|Any CPU
		{AFDF5D3D-0344-4C9B-AEB0-6D080382826F}.Release|Any CPU.ActiveCfg = Release|Any CPU
		{AFDF5D3D-0344-4C9B-AEB0-6D080382826F}.Release|Any CPU.Build.0 = Release|Any CPU
		{AFDF5D3D-0344-4C9B-AEB0-6D080382826F}.Release|x64.ActiveCfg = Release|Any CPU
		{AFDF5D3D-0344-4C9B-AEB0-6D080382826F}.Release|x64.Build.0 = Release|Any CPU
		{AFDF5D3D-0344-4C9B-AEB0-6D080382826F}.Release|x86.ActiveCfg = Release|Any CPU
		{AFDF5D3D-0344-4C9B-AEB0-6D080382826F}.Release|x86.Build.0 = Release|Any CPU
		{0CE182D0-BB5F-4A3A-B9F3-7422607A931B}.Debug|Any CPU.ActiveCfg = Debug|Any CPU
		{0CE182D0-BB5F-4A3A-B9F3-7422607A931B}.Debug|Any CPU.Build.0 = Debug|Any CPU
		{0CE182D0-BB5F-4A3A-B9F3-7422607A931B}.Debug|x64.ActiveCfg = Debug|Any CPU
		{0CE182D0-BB5F-4A3A-B9F3-7422607A931B}.Debug|x64.Build.0 = Debug|Any CPU
		{0CE182D0-BB5F-4A3A-B9F3-7422607A931B}.Debug|x86.ActiveCfg = Debug|Any CPU
		{0CE182D0-BB5F-4A3A-B9F3-7422607A931B}.Debug|x86.Build.0 = Debug|Any CPU
		{0CE182D0-BB5F-4A3A-B9F3-7422607A931B}.Release|Any CPU.ActiveCfg = Release|Any CPU
		{0CE182D0-BB5F-4A3A-B9F3-7422607A931B}.Release|Any CPU.Build.0 = Release|Any CPU
		{0CE182D0-BB5F-4A3A-B9F3-7422607A931B}.Release|x64.ActiveCfg = Release|Any CPU
		{0CE182D0-BB5F-4A3A-B9F3-7422607A931B}.Release|x64.Build.0 = Release|Any CPU
		{0CE182D0-BB5F-4A3A-B9F3-7422607A931B}.Release|x86.ActiveCfg = Release|Any CPU
		{0CE182D0-BB5F-4A3A-B9F3-7422607A931B}.Release|x86.Build.0 = Release|Any CPU
		{29263961-1F7D-44ED-8A8E-C967723DEBA4}.Debug|Any CPU.ActiveCfg = Debug|Any CPU
		{29263961-1F7D-44ED-8A8E-C967723DEBA4}.Debug|Any CPU.Build.0 = Debug|Any CPU
		{29263961-1F7D-44ED-8A8E-C967723DEBA4}.Debug|x64.ActiveCfg = Debug|Any CPU
		{29263961-1F7D-44ED-8A8E-C967723DEBA4}.Debug|x64.Build.0 = Debug|Any CPU
		{29263961-1F7D-44ED-8A8E-C967723DEBA4}.Debug|x86.ActiveCfg = Debug|Any CPU
		{29263961-1F7D-44ED-8A8E-C967723DEBA4}.Debug|x86.Build.0 = Debug|Any CPU
		{29263961-1F7D-44ED-8A8E-C967723DEBA4}.Release|Any CPU.ActiveCfg = Release|Any CPU
		{29263961-1F7D-44ED-8A8E-C967723DEBA4}.Release|Any CPU.Build.0 = Release|Any CPU
		{29263961-1F7D-44ED-8A8E-C967723DEBA4}.Release|x64.ActiveCfg = Release|Any CPU
		{29263961-1F7D-44ED-8A8E-C967723DEBA4}.Release|x64.Build.0 = Release|Any CPU
		{29263961-1F7D-44ED-8A8E-C967723DEBA4}.Release|x86.ActiveCfg = Release|Any CPU
		{29263961-1F7D-44ED-8A8E-C967723DEBA4}.Release|x86.Build.0 = Release|Any CPU
		{CD2CC035-4BF4-4FD9-9F33-7BE83821F330}.Debug|Any CPU.ActiveCfg = Debug|Any CPU
		{CD2CC035-4BF4-4FD9-9F33-7BE83821F330}.Debug|Any CPU.Build.0 = Debug|Any CPU
		{CD2CC035-4BF4-4FD9-9F33-7BE83821F330}.Debug|x64.ActiveCfg = Debug|Any CPU
		{CD2CC035-4BF4-4FD9-9F33-7BE83821F330}.Debug|x64.Build.0 = Debug|Any CPU
		{CD2CC035-4BF4-4FD9-9F33-7BE83821F330}.Debug|x86.ActiveCfg = Debug|Any CPU
		{CD2CC035-4BF4-4FD9-9F33-7BE83821F330}.Debug|x86.Build.0 = Debug|Any CPU
		{CD2CC035-4BF4-4FD9-9F33-7BE83821F330}.Release|Any CPU.ActiveCfg = Release|Any CPU
		{CD2CC035-4BF4-4FD9-9F33-7BE83821F330}.Release|Any CPU.Build.0 = Release|Any CPU
		{CD2CC035-4BF4-4FD9-9F33-7BE83821F330}.Release|x64.ActiveCfg = Release|Any CPU
		{CD2CC035-4BF4-4FD9-9F33-7BE83821F330}.Release|x64.Build.0 = Release|Any CPU
		{CD2CC035-4BF4-4FD9-9F33-7BE83821F330}.Release|x86.ActiveCfg = Release|Any CPU
		{CD2CC035-4BF4-4FD9-9F33-7BE83821F330}.Release|x86.Build.0 = Release|Any CPU
		{213DCBDA-BE41-4F9E-8FA8-AC03FE8777F6}.Debug|Any CPU.ActiveCfg = Debug|Any CPU
		{213DCBDA-BE41-4F9E-8FA8-AC03FE8777F6}.Debug|Any CPU.Build.0 = Debug|Any CPU
		{213DCBDA-BE41-4F9E-8FA8-AC03FE8777F6}.Debug|x64.ActiveCfg = Debug|Any CPU
		{213DCBDA-BE41-4F9E-8FA8-AC03FE8777F6}.Debug|x64.Build.0 = Debug|Any CPU
		{213DCBDA-BE41-4F9E-8FA8-AC03FE8777F6}.Debug|x86.ActiveCfg = Debug|Any CPU
		{213DCBDA-BE41-4F9E-8FA8-AC03FE8777F6}.Debug|x86.Build.0 = Debug|Any CPU
		{213DCBDA-BE41-4F9E-8FA8-AC03FE8777F6}.Release|Any CPU.ActiveCfg = Release|Any CPU
		{213DCBDA-BE41-4F9E-8FA8-AC03FE8777F6}.Release|Any CPU.Build.0 = Release|Any CPU
		{213DCBDA-BE41-4F9E-8FA8-AC03FE8777F6}.Release|x64.ActiveCfg = Release|Any CPU
		{213DCBDA-BE41-4F9E-8FA8-AC03FE8777F6}.Release|x64.Build.0 = Release|Any CPU
		{213DCBDA-BE41-4F9E-8FA8-AC03FE8777F6}.Release|x86.ActiveCfg = Release|Any CPU
		{213DCBDA-BE41-4F9E-8FA8-AC03FE8777F6}.Release|x86.Build.0 = Release|Any CPU
		{B3585AEC-94BE-47D4-B658-FB33264695BF}.Debug|Any CPU.ActiveCfg = Debug|Any CPU
		{B3585AEC-94BE-47D4-B658-FB33264695BF}.Debug|Any CPU.Build.0 = Debug|Any CPU
		{B3585AEC-94BE-47D4-B658-FB33264695BF}.Debug|x64.ActiveCfg = Debug|Any CPU
		{B3585AEC-94BE-47D4-B658-FB33264695BF}.Debug|x64.Build.0 = Debug|Any CPU
		{B3585AEC-94BE-47D4-B658-FB33264695BF}.Debug|x86.ActiveCfg = Debug|Any CPU
		{B3585AEC-94BE-47D4-B658-FB33264695BF}.Debug|x86.Build.0 = Debug|Any CPU
		{B3585AEC-94BE-47D4-B658-FB33264695BF}.Release|Any CPU.ActiveCfg = Release|Any CPU
		{B3585AEC-94BE-47D4-B658-FB33264695BF}.Release|Any CPU.Build.0 = Release|Any CPU
		{B3585AEC-94BE-47D4-B658-FB33264695BF}.Release|x64.ActiveCfg = Release|Any CPU
		{B3585AEC-94BE-47D4-B658-FB33264695BF}.Release|x64.Build.0 = Release|Any CPU
		{B3585AEC-94BE-47D4-B658-FB33264695BF}.Release|x86.ActiveCfg = Release|Any CPU
		{B3585AEC-94BE-47D4-B658-FB33264695BF}.Release|x86.Build.0 = Release|Any CPU
		{0389E57B-63B2-4C1A-BFCB-8671EBB5CC40}.Debug|Any CPU.ActiveCfg = Debug|Any CPU
		{0389E57B-63B2-4C1A-BFCB-8671EBB5CC40}.Debug|Any CPU.Build.0 = Debug|Any CPU
		{0389E57B-63B2-4C1A-BFCB-8671EBB5CC40}.Debug|x64.ActiveCfg = Debug|Any CPU
		{0389E57B-63B2-4C1A-BFCB-8671EBB5CC40}.Debug|x64.Build.0 = Debug|Any CPU
		{0389E57B-63B2-4C1A-BFCB-8671EBB5CC40}.Debug|x86.ActiveCfg = Debug|Any CPU
		{0389E57B-63B2-4C1A-BFCB-8671EBB5CC40}.Debug|x86.Build.0 = Debug|Any CPU
		{0389E57B-63B2-4C1A-BFCB-8671EBB5CC40}.Release|Any CPU.ActiveCfg = Release|Any CPU
		{0389E57B-63B2-4C1A-BFCB-8671EBB5CC40}.Release|Any CPU.Build.0 = Release|Any CPU
		{0389E57B-63B2-4C1A-BFCB-8671EBB5CC40}.Release|x64.ActiveCfg = Release|Any CPU
		{0389E57B-63B2-4C1A-BFCB-8671EBB5CC40}.Release|x64.Build.0 = Release|Any CPU
		{0389E57B-63B2-4C1A-BFCB-8671EBB5CC40}.Release|x86.ActiveCfg = Release|Any CPU
		{0389E57B-63B2-4C1A-BFCB-8671EBB5CC40}.Release|x86.Build.0 = Release|Any CPU
	EndGlobalSection
	GlobalSection(SolutionProperties) = preSolution
		HideSolutionNode = FALSE
	EndGlobalSection
	GlobalSection(NestedProjects) = preSolution
		{195C5343-50DB-4AC6-8A3F-EE78E2CFE4BC} = {827E0CD3-B72D-47B6-A68D-7590B98EB39B}
		{AFDF5D3D-0344-4C9B-AEB0-6D080382826F} = {827E0CD3-B72D-47B6-A68D-7590B98EB39B}
		{0CE182D0-BB5F-4A3A-B9F3-7422607A931B} = {827E0CD3-B72D-47B6-A68D-7590B98EB39B}
		{29263961-1F7D-44ED-8A8E-C967723DEBA4} = {5D20AA90-6969-D8BD-9DCD-8634F4692FDA}
		{CD2CC035-4BF4-4FD9-9F33-7BE83821F330} = {5D20AA90-6969-D8BD-9DCD-8634F4692FDA}
		{213DCBDA-BE41-4F9E-8FA8-AC03FE8777F6} = {5D20AA90-6969-D8BD-9DCD-8634F4692FDA}
		{B3585AEC-94BE-47D4-B658-FB33264695BF} = {0AB3BF05-4346-4AA6-1389-037BE0695223}
		{0389E57B-63B2-4C1A-BFCB-8671EBB5CC40} = {0AB3BF05-4346-4AA6-1389-037BE0695223}
	EndGlobalSection
EndGlobal
